
Microsoft Visual Studio Solution File, Format Version 12.00
# Visual Studio 2012
Project("{2150E333-8FDC-42A3-9474-1A3956D46DE8}") = "DirectoryComparer", "DirectoryComparer", "{2316EAA7-4305-4760-A6BF-8C7B7E77797E}"
EndProject
Project("{2150E333-8FDC-42A3-9474-1A3956D46DE8}") = "Framework", "Framework", "{8ACF48D8-9A14-416C-8387-1E369EB78108}"
EndProject
Project("{FAE04EC0-301F-11D3-BF4B-00C04F79EFBC}") = "DirectoryComparer2.0", "src\DirectoryComparer\DirectoryComparer2.0.csproj", "{086EAE51-FEC3-47E4-9AF0-EAC836441FA5}"
EndProject
Project("{FAE04EC0-301F-11D3-BF4B-00C04F79EFBC}") = "DirectoryComparer4.0", "src\DirectoryComparer4.0\DirectoryComparer4.0.csproj", "{725FA4B4-0880-4818-98FD-87992594B556}"
EndProject
Project("{FAE04EC0-301F-11D3-BF4B-00C04F79EFBC}") = "hk.Core", "src\hk.Core\hk.Core.csproj", "{E5C32EDE-F580-49AD-9CF0-F13AD18C1A1B}"
EndProject
Project("{2150E333-8FDC-42A3-9474-1A3956D46DE8}") = "IocExample", "IocExample", "{22D7C63B-00D8-438E-B746-FF3916E9920F}"
EndProject
Project("{FAE04EC0-301F-11D3-BF4B-00C04F79EFBC}") = "at.hk.Connector", "src\IocExample\at.hk.Connector\at.hk.Connector.csproj", "{754D17E1-C2F1-45E5-953F-3C29817AC106}"
EndProject
Project("{FAE04EC0-301F-11D3-BF4B-00C04F79EFBC}") = "at.hk.ConsoleApp", "src\IocExample\at.hk.ConsoleApp\at.hk.ConsoleApp.csproj", "{9B88FAC1-C969-44D1-AAEC-95A62DBA8D94}"
EndProject
Project("{FAE04EC0-301F-11D3-BF4B-00C04F79EFBC}") = "at.hk.IocContainer", "src\IocExample\at.hk.IocContainer\at.hk.IocContainer.csproj", "{E21E69EE-78A4-4641-A9FE-7C8B86FF2C44}"
EndProject
Project("{FAE04EC0-301F-11D3-BF4B-00C04F79EFBC}") = "at.hk.Parser", "src\IocExample\at.hk.Parser\at.hk.Parser.csproj", "{746B9499-CE88-4C84-90D6-0DEFEAADE0D9}"
EndProject
Project("{FAE04EC0-301F-11D3-BF4B-00C04F79EFBC}") = "at.hk.Storage", "src\IocExample\at.hk.Storage\at.hk.Storage.csproj", "{BC90A1D6-3E04-437B-A302-9A7E34809010}"
EndProject
Project("{2150E333-8FDC-42A3-9474-1A3956D46DE8}") = "ProgrammingTasks", "ProgrammingTasks", "{BA3BA4F3-C7B6-476C-B4A3-6480188165A5}"
EndProject
Project("{FAE04EC0-301F-11D3-BF4B-00C04F79EFBC}") = "MathsTasks", "src\MathsTasks\MathsTasks.csproj", "{A301421F-3C26-4F66-972D-4FA566273792}"
EndProject
Project("{FAE04EC0-301F-11D3-BF4B-00C04F79EFBC}") = "QuickestRouteFinder", "src\QuickestRouteFinder\QuickestRouteFinder.csproj", "{ABFE9F0A-C7AC-4474-BC98-F546395988E2}"
EndProject
Project("{FAE04EC0-301F-11D3-BF4B-00C04F79EFBC}") = "Randomizer", "src\Randomizer\Randomizer.csproj", "{D1B2B2FC-5D31-450F-BAB3-A4B388059D2F}"
EndProject
Project("{FAE04EC0-301F-11D3-BF4B-00C04F79EFBC}") = "SampleCharAuditor", "src\SampleCharAuditor\SampleCharAuditor.csproj", "{9CCAA584-383A-47D0-859E-D100E80232B3}"
EndProject
Project("{FAE04EC0-301F-11D3-BF4B-00C04F79EFBC}") = "SampleCharAuditor35", "src\SampleCharAuditor3.5\SampleCharAuditor35.csproj", "{DBA3B1BC-162C-42F1-8966-6750D97DF7FB}"
EndProject
Project("{FAE04EC0-301F-11D3-BF4B-00C04F79EFBC}") = "TaxCalculator40", "src\TaxCalculator4.0\TaxCalculator40.csproj", "{2E3EECA4-F54F-460A-97FF-EEC9CDBB16CF}"
EndProject
Project("{FAE04EC0-301F-11D3-BF4B-00C04F79EFBC}") = "TelephonePermutations", "src\TelephonePermutations\TelephonePermutations.csproj", "{8A07C96C-FCB7-4D22-A80D-B73B32465BA0}"
EndProject
Project("{2150E333-8FDC-42A3-9474-1A3956D46DE8}") = "Testing", "Testing", "{EAF21A4C-46A9-4B62-AF14-E920F895295B}"
EndProject
Project("{FAE04EC0-301F-11D3-BF4B-00C04F79EFBC}") = "MathsTasks.Tests", "tests\MathsTasks\MathsTasks.Tests.csproj", "{F1B5A866-BCE0-43EE-8B20-72E8279BDBC4}"
EndProject
Project("{FAE04EC0-301F-11D3-BF4B-00C04F79EFBC}") = "hk.Core.Tests", "tests\hk.Core\hk.Core.Tests.csproj", "{63D0D7A6-DA88-4E61-A16B-E902F9A84300}"
EndProject
Project("{FAE04EC0-301F-11D3-BF4B-00C04F79EFBC}") = "QuickestRouteFinder.Tests", "tests\QuickestRouteFinder\QuickestRouteFinder.Tests.csproj", "{63792414-DC89-4173-B637-1408EA8044F6}"
EndProject
Project("{FAE04EC0-301F-11D3-BF4B-00C04F79EFBC}") = "Randomizer.Tests", "tests\Randomizer\Randomizer.Tests.csproj", "{C816D090-0C48-406B-AEC4-8C20294A968B}"
EndProject
Project("{FAE04EC0-301F-11D3-BF4B-00C04F79EFBC}") = "SampleCharAuditor.Tests", "tests\SampleCharAuditor\SampleCharAuditor.Tests.csproj", "{645EA62E-A8C2-4BF5-AA4F-3329DEDF673B}"
EndProject
Project("{FAE04EC0-301F-11D3-BF4B-00C04F79EFBC}") = "TaxCalculator40.Tests", "tests\TaxCalculator40RhinoMock\TaxCalculator40.Tests.csproj", "{853E9640-D680-41F0-9045-6B67F08726C0}"
EndProject
Project("{FAE04EC0-301F-11D3-BF4B-00C04F79EFBC}") = "TelephonePermutations.Tests", "tests\TelephonePermutations\TelephonePermutations.Tests.csproj", "{D2823D81-FE81-4960-AA06-430836BC0D29}"
EndProject
Project("{2150E333-8FDC-42A3-9474-1A3956D46DE8}") = "FileChange", "FileChange", "{9C0E4254-DA42-4F6B-BE27-4D7440BEA96E}"
EndProject
Project("{FAE04EC0-301F-11D3-BF4B-00C04F79EFBC}") = "Test", "src\Test\Test.csproj", "{E64ADA2F-102A-4599-9730-CCD7EE2311F5}"
EndProject
Project("{2150E333-8FDC-42A3-9474-1A3956D46DE8}") = "WpfSampleProjects", "WpfSampleProjects", "{A33A36E1-45D7-4B08-8191-441A44A88747}"
EndProject
Project("{FAE04EC0-301F-11D3-BF4B-00C04F79EFBC}") = "BindingValidation", "src\BindingValidation\BindingValidation.csproj", "{D0922AC3-31CD-4DBC-BC20-AAFDB2ACE3A0}"
EndProject
Project("{FAE04EC0-301F-11D3-BF4B-00C04F79EFBC}") = "ConverterAsValidator", "src\ConverterAsValidator\ConverterAsValidator.csproj", "{58BF5FC0-F29C-4069-9D02-89972951C146}"
EndProject
Project("{FAE04EC0-301F-11D3-BF4B-00C04F79EFBC}") = "DataTemplateSample", "src\DataTemplateSample\DataTemplateSample.csproj", "{49912733-2BB0-4FC9-8256-C55C83184305}"
EndProject
Project("{FAE04EC0-301F-11D3-BF4B-00C04F79EFBC}") = "WebLoader", "src\WebLoader\WebLoader.csproj", "{ED1537AF-782A-4395-8D5D-0CF51646885B}"
EndProject
Project("{FAE04EC0-301F-11D3-BF4B-00C04F79EFBC}") = "WpfLibrary", "src\WpfLibrary\WpfLibrary.csproj", "{928C61B2-4A00-4643-B0D0-5D88459E3E48}"
EndProject
Global
	GlobalSection(SolutionConfigurationPlatforms) = preSolution
		Debug|Any CPU = Debug|Any CPU
		Debug|Mixed Platforms = Debug|Mixed Platforms
		Debug|x86 = Debug|x86
		Release|Any CPU = Release|Any CPU
		Release|Mixed Platforms = Release|Mixed Platforms
		Release|x86 = Release|x86
	EndGlobalSection
	GlobalSection(ProjectConfigurationPlatforms) = postSolution
		{086EAE51-FEC3-47E4-9AF0-EAC836441FA5}.Debug|Any CPU.ActiveCfg = Debug|x86
		{086EAE51-FEC3-47E4-9AF0-EAC836441FA5}.Debug|Mixed Platforms.ActiveCfg = Debug|x86
		{086EAE51-FEC3-47E4-9AF0-EAC836441FA5}.Debug|Mixed Platforms.Build.0 = Debug|x86
		{086EAE51-FEC3-47E4-9AF0-EAC836441FA5}.Debug|x86.ActiveCfg = Debug|x86
		{086EAE51-FEC3-47E4-9AF0-EAC836441FA5}.Debug|x86.Build.0 = Debug|x86
		{086EAE51-FEC3-47E4-9AF0-EAC836441FA5}.Release|Any CPU.ActiveCfg = Release|x86
		{086EAE51-FEC3-47E4-9AF0-EAC836441FA5}.Release|Mixed Platforms.ActiveCfg = Release|x86
		{086EAE51-FEC3-47E4-9AF0-EAC836441FA5}.Release|Mixed Platforms.Build.0 = Release|x86
		{086EAE51-FEC3-47E4-9AF0-EAC836441FA5}.Release|x86.ActiveCfg = Release|x86
		{086EAE51-FEC3-47E4-9AF0-EAC836441FA5}.Release|x86.Build.0 = Release|x86
		{725FA4B4-0880-4818-98FD-87992594B556}.Debug|Any CPU.ActiveCfg = Debug|Any CPU
		{725FA4B4-0880-4818-98FD-87992594B556}.Debug|Any CPU.Build.0 = Debug|Any CPU
		{725FA4B4-0880-4818-98FD-87992594B556}.Debug|Mixed Platforms.ActiveCfg = Debug|Any CPU
		{725FA4B4-0880-4818-98FD-87992594B556}.Debug|Mixed Platforms.Build.0 = Debug|Any CPU
		{725FA4B4-0880-4818-98FD-87992594B556}.Debug|x86.ActiveCfg = Debug|Any CPU
		{725FA4B4-0880-4818-98FD-87992594B556}.Release|Any CPU.ActiveCfg = Release|Any CPU
		{725FA4B4-0880-4818-98FD-87992594B556}.Release|Any CPU.Build.0 = Release|Any CPU
		{725FA4B4-0880-4818-98FD-87992594B556}.Release|Mixed Platforms.ActiveCfg = Release|Any CPU
		{725FA4B4-0880-4818-98FD-87992594B556}.Release|Mixed Platforms.Build.0 = Release|Any CPU
		{725FA4B4-0880-4818-98FD-87992594B556}.Release|x86.ActiveCfg = Release|Any CPU
		{E5C32EDE-F580-49AD-9CF0-F13AD18C1A1B}.Debug|Any CPU.ActiveCfg = Debug|Any CPU
		{E5C32EDE-F580-49AD-9CF0-F13AD18C1A1B}.Debug|Any CPU.Build.0 = Debug|Any CPU
		{E5C32EDE-F580-49AD-9CF0-F13AD18C1A1B}.Debug|Mixed Platforms.ActiveCfg = Debug|Any CPU
		{E5C32EDE-F580-49AD-9CF0-F13AD18C1A1B}.Debug|Mixed Platforms.Build.0 = Debug|Any CPU
		{E5C32EDE-F580-49AD-9CF0-F13AD18C1A1B}.Debug|x86.ActiveCfg = Debug|Any CPU
		{E5C32EDE-F580-49AD-9CF0-F13AD18C1A1B}.Release|Any CPU.ActiveCfg = Release|Any CPU
		{E5C32EDE-F580-49AD-9CF0-F13AD18C1A1B}.Release|Any CPU.Build.0 = Release|Any CPU
		{E5C32EDE-F580-49AD-9CF0-F13AD18C1A1B}.Release|Mixed Platforms.ActiveCfg = Release|Any CPU
		{E5C32EDE-F580-49AD-9CF0-F13AD18C1A1B}.Release|Mixed Platforms.Build.0 = Release|Any CPU
		{E5C32EDE-F580-49AD-9CF0-F13AD18C1A1B}.Release|x86.ActiveCfg = Release|Any CPU
		{754D17E1-C2F1-45E5-953F-3C29817AC106}.Debug|Any CPU.ActiveCfg = Debug|Any CPU
		{754D17E1-C2F1-45E5-953F-3C29817AC106}.Debug|Any CPU.Build.0 = Debug|Any CPU
		{754D17E1-C2F1-45E5-953F-3C29817AC106}.Debug|Mixed Platforms.ActiveCfg = Debug|Any CPU
		{754D17E1-C2F1-45E5-953F-3C29817AC106}.Debug|Mixed Platforms.Build.0 = Debug|Any CPU
		{754D17E1-C2F1-45E5-953F-3C29817AC106}.Debug|x86.ActiveCfg = Debug|Any CPU
		{754D17E1-C2F1-45E5-953F-3C29817AC106}.Release|Any CPU.ActiveCfg = Release|Any CPU
		{754D17E1-C2F1-45E5-953F-3C29817AC106}.Release|Any CPU.Build.0 = Release|Any CPU
		{754D17E1-C2F1-45E5-953F-3C29817AC106}.Release|Mixed Platforms.ActiveCfg = Release|Any CPU
		{754D17E1-C2F1-45E5-953F-3C29817AC106}.Release|Mixed Platforms.Build.0 = Release|Any CPU
		{754D17E1-C2F1-45E5-953F-3C29817AC106}.Release|x86.ActiveCfg = Release|Any CPU
		{9B88FAC1-C969-44D1-AAEC-95A62DBA8D94}.Debug|Any CPU.ActiveCfg = Debug|x86
		{9B88FAC1-C969-44D1-AAEC-95A62DBA8D94}.Debug|Mixed Platforms.ActiveCfg = Debug|x86
		{9B88FAC1-C969-44D1-AAEC-95A62DBA8D94}.Debug|Mixed Platforms.Build.0 = Debug|x86
		{9B88FAC1-C969-44D1-AAEC-95A62DBA8D94}.Debug|x86.ActiveCfg = Debug|x86
		{9B88FAC1-C969-44D1-AAEC-95A62DBA8D94}.Debug|x86.Build.0 = Debug|x86
		{9B88FAC1-C969-44D1-AAEC-95A62DBA8D94}.Release|Any CPU.ActiveCfg = Release|x86
		{9B88FAC1-C969-44D1-AAEC-95A62DBA8D94}.Release|Mixed Platforms.ActiveCfg = Release|x86
		{9B88FAC1-C969-44D1-AAEC-95A62DBA8D94}.Release|Mixed Platforms.Build.0 = Release|x86
		{9B88FAC1-C969-44D1-AAEC-95A62DBA8D94}.Release|x86.ActiveCfg = Release|x86
		{9B88FAC1-C969-44D1-AAEC-95A62DBA8D94}.Release|x86.Build.0 = Release|x86
		{E21E69EE-78A4-4641-A9FE-7C8B86FF2C44}.Debug|Any CPU.ActiveCfg = Debug|Any CPU
		{E21E69EE-78A4-4641-A9FE-7C8B86FF2C44}.Debug|Any CPU.Build.0 = Debug|Any CPU
		{E21E69EE-78A4-4641-A9FE-7C8B86FF2C44}.Debug|Mixed Platforms.ActiveCfg = Debug|Any CPU
		{E21E69EE-78A4-4641-A9FE-7C8B86FF2C44}.Debug|Mixed Platforms.Build.0 = Debug|Any CPU
		{E21E69EE-78A4-4641-A9FE-7C8B86FF2C44}.Debug|x86.ActiveCfg = Debug|Any CPU
		{E21E69EE-78A4-4641-A9FE-7C8B86FF2C44}.Release|Any CPU.ActiveCfg = Release|Any CPU
		{E21E69EE-78A4-4641-A9FE-7C8B86FF2C44}.Release|Any CPU.Build.0 = Release|Any CPU
		{E21E69EE-78A4-4641-A9FE-7C8B86FF2C44}.Release|Mixed Platforms.ActiveCfg = Release|Any CPU
		{E21E69EE-78A4-4641-A9FE-7C8B86FF2C44}.Release|Mixed Platforms.Build.0 = Release|Any CPU
		{E21E69EE-78A4-4641-A9FE-7C8B86FF2C44}.Release|x86.ActiveCfg = Release|Any CPU
		{746B9499-CE88-4C84-90D6-0DEFEAADE0D9}.Debug|Any CPU.ActiveCfg = Debug|Any CPU
		{746B9499-CE88-4C84-90D6-0DEFEAADE0D9}.Debug|Any CPU.Build.0 = Debug|Any CPU
		{746B9499-CE88-4C84-90D6-0DEFEAADE0D9}.Debug|Mixed Platforms.ActiveCfg = Debug|Any CPU
		{746B9499-CE88-4C84-90D6-0DEFEAADE0D9}.Debug|Mixed Platforms.Build.0 = Debug|Any CPU
		{746B9499-CE88-4C84-90D6-0DEFEAADE0D9}.Debug|x86.ActiveCfg = Debug|Any CPU
		{746B9499-CE88-4C84-90D6-0DEFEAADE0D9}.Release|Any CPU.ActiveCfg = Release|Any CPU
		{746B9499-CE88-4C84-90D6-0DEFEAADE0D9}.Release|Any CPU.Build.0 = Release|Any CPU
		{746B9499-CE88-4C84-90D6-0DEFEAADE0D9}.Release|Mixed Platforms.ActiveCfg = Release|Any CPU
		{746B9499-CE88-4C84-90D6-0DEFEAADE0D9}.Release|Mixed Platforms.Build.0 = Release|Any CPU
		{746B9499-CE88-4C84-90D6-0DEFEAADE0D9}.Release|x86.ActiveCfg = Release|Any CPU
		{BC90A1D6-3E04-437B-A302-9A7E34809010}.Debug|Any CPU.ActiveCfg = Debug|Any CPU
		{BC90A1D6-3E04-437B-A302-9A7E34809010}.Debug|Any CPU.Build.0 = Debug|Any CPU
		{BC90A1D6-3E04-437B-A302-9A7E34809010}.Debug|Mixed Platforms.ActiveCfg = Debug|Any CPU
		{BC90A1D6-3E04-437B-A302-9A7E34809010}.Debug|Mixed Platforms.Build.0 = Debug|Any CPU
		{BC90A1D6-3E04-437B-A302-9A7E34809010}.Debug|x86.ActiveCfg = Debug|Any CPU
		{BC90A1D6-3E04-437B-A302-9A7E34809010}.Release|Any CPU.ActiveCfg = Release|Any CPU
		{BC90A1D6-3E04-437B-A302-9A7E34809010}.Release|Any CPU.Build.0 = Release|Any CPU
		{BC90A1D6-3E04-437B-A302-9A7E34809010}.Release|Mixed Platforms.ActiveCfg = Release|Any CPU
		{BC90A1D6-3E04-437B-A302-9A7E34809010}.Release|Mixed Platforms.Build.0 = Release|Any CPU
		{BC90A1D6-3E04-437B-A302-9A7E34809010}.Release|x86.ActiveCfg = Release|Any CPU
		{A301421F-3C26-4F66-972D-4FA566273792}.Debug|Any CPU.ActiveCfg = Debug|Any CPU
		{A301421F-3C26-4F66-972D-4FA566273792}.Debug|Any CPU.Build.0 = Debug|Any CPU
		{A301421F-3C26-4F66-972D-4FA566273792}.Debug|Mixed Platforms.ActiveCfg = Debug|Any CPU
		{A301421F-3C26-4F66-972D-4FA566273792}.Debug|Mixed Platforms.Build.0 = Debug|Any CPU
		{A301421F-3C26-4F66-972D-4FA566273792}.Debug|x86.ActiveCfg = Debug|Any CPU
		{A301421F-3C26-4F66-972D-4FA566273792}.Release|Any CPU.ActiveCfg = Release|Any CPU
		{A301421F-3C26-4F66-972D-4FA566273792}.Release|Any CPU.Build.0 = Release|Any CPU
		{A301421F-3C26-4F66-972D-4FA566273792}.Release|Mixed Platforms.ActiveCfg = Release|Any CPU
		{A301421F-3C26-4F66-972D-4FA566273792}.Release|Mixed Platforms.Build.0 = Release|Any CPU
		{A301421F-3C26-4F66-972D-4FA566273792}.Release|x86.ActiveCfg = Release|Any CPU
		{ABFE9F0A-C7AC-4474-BC98-F546395988E2}.Debug|Any CPU.ActiveCfg = Debug|Any CPU
		{ABFE9F0A-C7AC-4474-BC98-F546395988E2}.Debug|Any CPU.Build.0 = Debug|Any CPU
		{ABFE9F0A-C7AC-4474-BC98-F546395988E2}.Debug|Mixed Platforms.ActiveCfg = Debug|Any CPU
		{ABFE9F0A-C7AC-4474-BC98-F546395988E2}.Debug|Mixed Platforms.Build.0 = Debug|Any CPU
		{ABFE9F0A-C7AC-4474-BC98-F546395988E2}.Debug|x86.ActiveCfg = Debug|Any CPU
		{ABFE9F0A-C7AC-4474-BC98-F546395988E2}.Release|Any CPU.ActiveCfg = Release|Any CPU
		{ABFE9F0A-C7AC-4474-BC98-F546395988E2}.Release|Any CPU.Build.0 = Release|Any CPU
		{ABFE9F0A-C7AC-4474-BC98-F546395988E2}.Release|Mixed Platforms.ActiveCfg = Release|Any CPU
		{ABFE9F0A-C7AC-4474-BC98-F546395988E2}.Release|Mixed Platforms.Build.0 = Release|Any CPU
		{ABFE9F0A-C7AC-4474-BC98-F546395988E2}.Release|x86.ActiveCfg = Release|Any CPU
		{D1B2B2FC-5D31-450F-BAB3-A4B388059D2F}.Debug|Any CPU.ActiveCfg = Debug|Any CPU
		{D1B2B2FC-5D31-450F-BAB3-A4B388059D2F}.Debug|Any CPU.Build.0 = Debug|Any CPU
		{D1B2B2FC-5D31-450F-BAB3-A4B388059D2F}.Debug|Mixed Platforms.ActiveCfg = Debug|Any CPU
		{D1B2B2FC-5D31-450F-BAB3-A4B388059D2F}.Debug|Mixed Platforms.Build.0 = Debug|Any CPU
		{D1B2B2FC-5D31-450F-BAB3-A4B388059D2F}.Debug|x86.ActiveCfg = Debug|Any CPU
		{D1B2B2FC-5D31-450F-BAB3-A4B388059D2F}.Release|Any CPU.ActiveCfg = Release|Any CPU
		{D1B2B2FC-5D31-450F-BAB3-A4B388059D2F}.Release|Any CPU.Build.0 = Release|Any CPU
		{D1B2B2FC-5D31-450F-BAB3-A4B388059D2F}.Release|Mixed Platforms.ActiveCfg = Release|Any CPU
		{D1B2B2FC-5D31-450F-BAB3-A4B388059D2F}.Release|Mixed Platforms.Build.0 = Release|Any CPU
		{D1B2B2FC-5D31-450F-BAB3-A4B388059D2F}.Release|x86.ActiveCfg = Release|Any CPU
		{9CCAA584-383A-47D0-859E-D100E80232B3}.Debug|Any CPU.ActiveCfg = Debug|Any CPU
		{9CCAA584-383A-47D0-859E-D100E80232B3}.Debug|Any CPU.Build.0 = Debug|Any CPU
		{9CCAA584-383A-47D0-859E-D100E80232B3}.Debug|Mixed Platforms.ActiveCfg = Debug|Any CPU
		{9CCAA584-383A-47D0-859E-D100E80232B3}.Debug|Mixed Platforms.Build.0 = Debug|Any CPU
		{9CCAA584-383A-47D0-859E-D100E80232B3}.Debug|x86.ActiveCfg = Debug|Any CPU
		{9CCAA584-383A-47D0-859E-D100E80232B3}.Release|Any CPU.ActiveCfg = Release|Any CPU
		{9CCAA584-383A-47D0-859E-D100E80232B3}.Release|Any CPU.Build.0 = Release|Any CPU
		{9CCAA584-383A-47D0-859E-D100E80232B3}.Release|Mixed Platforms.ActiveCfg = Release|Any CPU
		{9CCAA584-383A-47D0-859E-D100E80232B3}.Release|Mixed Platforms.Build.0 = Release|Any CPU
		{9CCAA584-383A-47D0-859E-D100E80232B3}.Release|x86.ActiveCfg = Release|Any CPU
		{DBA3B1BC-162C-42F1-8966-6750D97DF7FB}.Debug|Any CPU.ActiveCfg = Debug|Any CPU
		{DBA3B1BC-162C-42F1-8966-6750D97DF7FB}.Debug|Any CPU.Build.0 = Debug|Any CPU
		{DBA3B1BC-162C-42F1-8966-6750D97DF7FB}.Debug|Mixed Platforms.ActiveCfg = Debug|Any CPU
		{DBA3B1BC-162C-42F1-8966-6750D97DF7FB}.Debug|Mixed Platforms.Build.0 = Debug|Any CPU
		{DBA3B1BC-162C-42F1-8966-6750D97DF7FB}.Debug|x86.ActiveCfg = Debug|Any CPU
		{DBA3B1BC-162C-42F1-8966-6750D97DF7FB}.Release|Any CPU.ActiveCfg = Release|Any CPU
		{DBA3B1BC-162C-42F1-8966-6750D97DF7FB}.Release|Any CPU.Build.0 = Release|Any CPU
		{DBA3B1BC-162C-42F1-8966-6750D97DF7FB}.Release|Mixed Platforms.ActiveCfg = Release|Any CPU
		{DBA3B1BC-162C-42F1-8966-6750D97DF7FB}.Release|Mixed Platforms.Build.0 = Release|Any CPU
		{DBA3B1BC-162C-42F1-8966-6750D97DF7FB}.Release|x86.ActiveCfg = Release|Any CPU
		{2E3EECA4-F54F-460A-97FF-EEC9CDBB16CF}.Debug|Any CPU.ActiveCfg = Debug|Any CPU
		{2E3EECA4-F54F-460A-97FF-EEC9CDBB16CF}.Debug|Any CPU.Build.0 = Debug|Any CPU
		{2E3EECA4-F54F-460A-97FF-EEC9CDBB16CF}.Debug|Mixed Platforms.ActiveCfg = Debug|Any CPU
		{2E3EECA4-F54F-460A-97FF-EEC9CDBB16CF}.Debug|Mixed Platforms.Build.0 = Debug|Any CPU
		{2E3EECA4-F54F-460A-97FF-EEC9CDBB16CF}.Debug|x86.ActiveCfg = Debug|Any CPU
		{2E3EECA4-F54F-460A-97FF-EEC9CDBB16CF}.Release|Any CPU.ActiveCfg = Release|Any CPU
		{2E3EECA4-F54F-460A-97FF-EEC9CDBB16CF}.Release|Any CPU.Build.0 = Release|Any CPU
		{2E3EECA4-F54F-460A-97FF-EEC9CDBB16CF}.Release|Mixed Platforms.ActiveCfg = Release|Any CPU
		{2E3EECA4-F54F-460A-97FF-EEC9CDBB16CF}.Release|Mixed Platforms.Build.0 = Release|Any CPU
		{2E3EECA4-F54F-460A-97FF-EEC9CDBB16CF}.Release|x86.ActiveCfg = Release|Any CPU
		{8A07C96C-FCB7-4D22-A80D-B73B32465BA0}.Debug|Any CPU.ActiveCfg = Debug|Any CPU
		{8A07C96C-FCB7-4D22-A80D-B73B32465BA0}.Debug|Any CPU.Build.0 = Debug|Any CPU
		{8A07C96C-FCB7-4D22-A80D-B73B32465BA0}.Debug|Mixed Platforms.ActiveCfg = Debug|Any CPU
		{8A07C96C-FCB7-4D22-A80D-B73B32465BA0}.Debug|Mixed Platforms.Build.0 = Debug|Any CPU
		{8A07C96C-FCB7-4D22-A80D-B73B32465BA0}.Debug|x86.ActiveCfg = Debug|Any CPU
		{8A07C96C-FCB7-4D22-A80D-B73B32465BA0}.Release|Any CPU.ActiveCfg = Release|Any CPU
		{8A07C96C-FCB7-4D22-A80D-B73B32465BA0}.Release|Any CPU.Build.0 = Release|Any CPU
		{8A07C96C-FCB7-4D22-A80D-B73B32465BA0}.Release|Mixed Platforms.ActiveCfg = Release|Any CPU
		{8A07C96C-FCB7-4D22-A80D-B73B32465BA0}.Release|Mixed Platforms.Build.0 = Release|Any CPU
		{8A07C96C-FCB7-4D22-A80D-B73B32465BA0}.Release|x86.ActiveCfg = Release|Any CPU
		{F1B5A866-BCE0-43EE-8B20-72E8279BDBC4}.Debug|Any CPU.ActiveCfg = Debug|Any CPU
		{F1B5A866-BCE0-43EE-8B20-72E8279BDBC4}.Debug|Any CPU.Build.0 = Debug|Any CPU
		{F1B5A866-BCE0-43EE-8B20-72E8279BDBC4}.Debug|Mixed Platforms.ActiveCfg = Debug|Any CPU
		{F1B5A866-BCE0-43EE-8B20-72E8279BDBC4}.Debug|Mixed Platforms.Build.0 = Debug|Any CPU
		{F1B5A866-BCE0-43EE-8B20-72E8279BDBC4}.Debug|x86.ActiveCfg = Debug|Any CPU
		{F1B5A866-BCE0-43EE-8B20-72E8279BDBC4}.Release|Any CPU.ActiveCfg = Release|Any CPU
		{F1B5A866-BCE0-43EE-8B20-72E8279BDBC4}.Release|Any CPU.Build.0 = Release|Any CPU
		{F1B5A866-BCE0-43EE-8B20-72E8279BDBC4}.Release|Mixed Platforms.ActiveCfg = Release|Any CPU
		{F1B5A866-BCE0-43EE-8B20-72E8279BDBC4}.Release|Mixed Platforms.Build.0 = Release|Any CPU
		{F1B5A866-BCE0-43EE-8B20-72E8279BDBC4}.Release|x86.ActiveCfg = Release|Any CPU
		{63D0D7A6-DA88-4E61-A16B-E902F9A84300}.Debug|Any CPU.ActiveCfg = Debug|Any CPU
		{63D0D7A6-DA88-4E61-A16B-E902F9A84300}.Debug|Any CPU.Build.0 = Debug|Any CPU
		{63D0D7A6-DA88-4E61-A16B-E902F9A84300}.Debug|Mixed Platforms.ActiveCfg = Debug|Any CPU
		{63D0D7A6-DA88-4E61-A16B-E902F9A84300}.Debug|Mixed Platforms.Build.0 = Debug|Any CPU
		{63D0D7A6-DA88-4E61-A16B-E902F9A84300}.Debug|x86.ActiveCfg = Debug|Any CPU
		{63D0D7A6-DA88-4E61-A16B-E902F9A84300}.Release|Any CPU.ActiveCfg = Release|Any CPU
		{63D0D7A6-DA88-4E61-A16B-E902F9A84300}.Release|Any CPU.Build.0 = Release|Any CPU
		{63D0D7A6-DA88-4E61-A16B-E902F9A84300}.Release|Mixed Platforms.ActiveCfg = Release|Any CPU
		{63D0D7A6-DA88-4E61-A16B-E902F9A84300}.Release|Mixed Platforms.Build.0 = Release|Any CPU
		{63D0D7A6-DA88-4E61-A16B-E902F9A84300}.Release|x86.ActiveCfg = Release|Any CPU
		{63792414-DC89-4173-B637-1408EA8044F6}.Debug|Any CPU.ActiveCfg = Debug|Any CPU
		{63792414-DC89-4173-B637-1408EA8044F6}.Debug|Any CPU.Build.0 = Debug|Any CPU
		{63792414-DC89-4173-B637-1408EA8044F6}.Debug|Mixed Platforms.ActiveCfg = Debug|Any CPU
		{63792414-DC89-4173-B637-1408EA8044F6}.Debug|Mixed Platforms.Build.0 = Debug|Any CPU
		{63792414-DC89-4173-B637-1408EA8044F6}.Debug|x86.ActiveCfg = Debug|Any CPU
		{63792414-DC89-4173-B637-1408EA8044F6}.Release|Any CPU.ActiveCfg = Release|Any CPU
		{63792414-DC89-4173-B637-1408EA8044F6}.Release|Any CPU.Build.0 = Release|Any CPU
		{63792414-DC89-4173-B637-1408EA8044F6}.Release|Mixed Platforms.ActiveCfg = Release|Any CPU
		{63792414-DC89-4173-B637-1408EA8044F6}.Release|Mixed Platforms.Build.0 = Release|Any CPU
		{63792414-DC89-4173-B637-1408EA8044F6}.Release|x86.ActiveCfg = Release|Any CPU
		{C816D090-0C48-406B-AEC4-8C20294A968B}.Debug|Any CPU.ActiveCfg = Debug|Any CPU
		{C816D090-0C48-406B-AEC4-8C20294A968B}.Debug|Any CPU.Build.0 = Debug|Any CPU
		{C816D090-0C48-406B-AEC4-8C20294A968B}.Debug|Mixed Platforms.ActiveCfg = Debug|Any CPU
		{C816D090-0C48-406B-AEC4-8C20294A968B}.Debug|Mixed Platforms.Build.0 = Debug|Any CPU
		{C816D090-0C48-406B-AEC4-8C20294A968B}.Debug|x86.ActiveCfg = Debug|Any CPU
		{C816D090-0C48-406B-AEC4-8C20294A968B}.Release|Any CPU.ActiveCfg = Release|Any CPU
		{C816D090-0C48-406B-AEC4-8C20294A968B}.Release|Any CPU.Build.0 = Release|Any CPU
		{C816D090-0C48-406B-AEC4-8C20294A968B}.Release|Mixed Platforms.ActiveCfg = Release|Any CPU
		{C816D090-0C48-406B-AEC4-8C20294A968B}.Release|Mixed Platforms.Build.0 = Release|Any CPU
		{C816D090-0C48-406B-AEC4-8C20294A968B}.Release|x86.ActiveCfg = Release|Any CPU
		{645EA62E-A8C2-4BF5-AA4F-3329DEDF673B}.Debug|Any CPU.ActiveCfg = Debug|Any CPU
		{645EA62E-A8C2-4BF5-AA4F-3329DEDF673B}.Debug|Any CPU.Build.0 = Debug|Any CPU
		{645EA62E-A8C2-4BF5-AA4F-3329DEDF673B}.Debug|Mixed Platforms.ActiveCfg = Debug|Any CPU
		{645EA62E-A8C2-4BF5-AA4F-3329DEDF673B}.Debug|Mixed Platforms.Build.0 = Debug|Any CPU
		{645EA62E-A8C2-4BF5-AA4F-3329DEDF673B}.Debug|x86.ActiveCfg = Debug|Any CPU
		{645EA62E-A8C2-4BF5-AA4F-3329DEDF673B}.Release|Any CPU.ActiveCfg = Release|Any CPU
		{645EA62E-A8C2-4BF5-AA4F-3329DEDF673B}.Release|Any CPU.Build.0 = Release|Any CPU
		{645EA62E-A8C2-4BF5-AA4F-3329DEDF673B}.Release|Mixed Platforms.ActiveCfg = Release|Any CPU
		{645EA62E-A8C2-4BF5-AA4F-3329DEDF673B}.Release|Mixed Platforms.Build.0 = Release|Any CPU
		{645EA62E-A8C2-4BF5-AA4F-3329DEDF673B}.Release|x86.ActiveCfg = Release|Any CPU
		{853E9640-D680-41F0-9045-6B67F08726C0}.Debug|Any CPU.ActiveCfg = Debug|Any CPU
		{853E9640-D680-41F0-9045-6B67F08726C0}.Debug|Any CPU.Build.0 = Debug|Any CPU
		{853E9640-D680-41F0-9045-6B67F08726C0}.Debug|Mixed Platforms.ActiveCfg = Debug|Any CPU
		{853E9640-D680-41F0-9045-6B67F08726C0}.Debug|Mixed Platforms.Build.0 = Debug|Any CPU
		{853E9640-D680-41F0-9045-6B67F08726C0}.Debug|x86.ActiveCfg = Debug|Any CPU
		{853E9640-D680-41F0-9045-6B67F08726C0}.Release|Any CPU.ActiveCfg = Release|Any CPU
		{853E9640-D680-41F0-9045-6B67F08726C0}.Release|Any CPU.Build.0 = Release|Any CPU
		{853E9640-D680-41F0-9045-6B67F08726C0}.Release|Mixed Platforms.ActiveCfg = Release|Any CPU
		{853E9640-D680-41F0-9045-6B67F08726C0}.Release|Mixed Platforms.Build.0 = Release|Any CPU
		{853E9640-D680-41F0-9045-6B67F08726C0}.Release|x86.ActiveCfg = Release|Any CPU
		{D2823D81-FE81-4960-AA06-430836BC0D29}.Debug|Any CPU.ActiveCfg = Debug|Any CPU
		{D2823D81-FE81-4960-AA06-430836BC0D29}.Debug|Any CPU.Build.0 = Debug|Any CPU
		{D2823D81-FE81-4960-AA06-430836BC0D29}.Debug|Mixed Platforms.ActiveCfg = Debug|Any CPU
		{D2823D81-FE81-4960-AA06-430836BC0D29}.Debug|Mixed Platforms.Build.0 = Debug|Any CPU
		{D2823D81-FE81-4960-AA06-430836BC0D29}.Debug|x86.ActiveCfg = Debug|Any CPU
		{D2823D81-FE81-4960-AA06-430836BC0D29}.Release|Any CPU.ActiveCfg = Release|Any CPU
		{D2823D81-FE81-4960-AA06-430836BC0D29}.Release|Any CPU.Build.0 = Release|Any CPU
		{D2823D81-FE81-4960-AA06-430836BC0D29}.Release|Mixed Platforms.ActiveCfg = Release|Any CPU
		{D2823D81-FE81-4960-AA06-430836BC0D29}.Release|Mixed Platforms.Build.0 = Release|Any CPU
		{D2823D81-FE81-4960-AA06-430836BC0D29}.Release|x86.ActiveCfg = Release|Any CPU
		{E64ADA2F-102A-4599-9730-CCD7EE2311F5}.Debug|Any CPU.ActiveCfg = Debug|x86
		{E64ADA2F-102A-4599-9730-CCD7EE2311F5}.Debug|Mixed Platforms.ActiveCfg = Debug|x86
		{E64ADA2F-102A-4599-9730-CCD7EE2311F5}.Debug|Mixed Platforms.Build.0 = Debug|x86
		{E64ADA2F-102A-4599-9730-CCD7EE2311F5}.Debug|x86.ActiveCfg = Debug|x86
		{E64ADA2F-102A-4599-9730-CCD7EE2311F5}.Debug|x86.Build.0 = Debug|x86
		{E64ADA2F-102A-4599-9730-CCD7EE2311F5}.Release|Any CPU.ActiveCfg = Release|x86
		{E64ADA2F-102A-4599-9730-CCD7EE2311F5}.Release|Mixed Platforms.ActiveCfg = Release|x86
		{E64ADA2F-102A-4599-9730-CCD7EE2311F5}.Release|Mixed Platforms.Build.0 = Release|x86
		{E64ADA2F-102A-4599-9730-CCD7EE2311F5}.Release|x86.ActiveCfg = Release|x86
		{E64ADA2F-102A-4599-9730-CCD7EE2311F5}.Release|x86.Build.0 = Release|x86
		{D0922AC3-31CD-4DBC-BC20-AAFDB2ACE3A0}.Debug|Any CPU.ActiveCfg = Debug|x86
		{D0922AC3-31CD-4DBC-BC20-AAFDB2ACE3A0}.Debug|Mixed Platforms.ActiveCfg = Debug|x86
		{D0922AC3-31CD-4DBC-BC20-AAFDB2ACE3A0}.Debug|Mixed Platforms.Build.0 = Debug|x86
		{D0922AC3-31CD-4DBC-BC20-AAFDB2ACE3A0}.Debug|x86.ActiveCfg = Debug|x86
		{D0922AC3-31CD-4DBC-BC20-AAFDB2ACE3A0}.Debug|x86.Build.0 = Debug|x86
		{D0922AC3-31CD-4DBC-BC20-AAFDB2ACE3A0}.Release|Any CPU.ActiveCfg = Release|x86
		{D0922AC3-31CD-4DBC-BC20-AAFDB2ACE3A0}.Release|Mixed Platforms.ActiveCfg = Release|x86
		{D0922AC3-31CD-4DBC-BC20-AAFDB2ACE3A0}.Release|Mixed Platforms.Build.0 = Release|x86
		{D0922AC3-31CD-4DBC-BC20-AAFDB2ACE3A0}.Release|x86.ActiveCfg = Release|x86
		{D0922AC3-31CD-4DBC-BC20-AAFDB2ACE3A0}.Release|x86.Build.0 = Release|x86
		{58BF5FC0-F29C-4069-9D02-89972951C146}.Debug|Any CPU.ActiveCfg = Debug|x86
		{58BF5FC0-F29C-4069-9D02-89972951C146}.Debug|Mixed Platforms.ActiveCfg = Debug|x86
		{58BF5FC0-F29C-4069-9D02-89972951C146}.Debug|Mixed Platforms.Build.0 = Debug|x86
		{58BF5FC0-F29C-4069-9D02-89972951C146}.Debug|x86.ActiveCfg = Debug|x86
		{58BF5FC0-F29C-4069-9D02-89972951C146}.Debug|x86.Build.0 = Debug|x86
		{58BF5FC0-F29C-4069-9D02-89972951C146}.Release|Any CPU.ActiveCfg = Release|x86
		{58BF5FC0-F29C-4069-9D02-89972951C146}.Release|Mixed Platforms.ActiveCfg = Release|x86
		{58BF5FC0-F29C-4069-9D02-89972951C146}.Release|Mixed Platforms.Build.0 = Release|x86
		{58BF5FC0-F29C-4069-9D02-89972951C146}.Release|x86.ActiveCfg = Release|x86
		{58BF5FC0-F29C-4069-9D02-89972951C146}.Release|x86.Build.0 = Release|x86
		{49912733-2BB0-4FC9-8256-C55C83184305}.Debug|Any CPU.ActiveCfg = Debug|x86
		{49912733-2BB0-4FC9-8256-C55C83184305}.Debug|Mixed Platforms.ActiveCfg = Debug|x86
		{49912733-2BB0-4FC9-8256-C55C83184305}.Debug|Mixed Platforms.Build.0 = Debug|x86
		{49912733-2BB0-4FC9-8256-C55C83184305}.Debug|x86.ActiveCfg = Debug|x86
		{49912733-2BB0-4FC9-8256-C55C83184305}.Debug|x86.Build.0 = Debug|x86
		{49912733-2BB0-4FC9-8256-C55C83184305}.Release|Any CPU.ActiveCfg = Release|x86
		{49912733-2BB0-4FC9-8256-C55C83184305}.Release|Mixed Platforms.ActiveCfg = Release|x86
		{49912733-2BB0-4FC9-8256-C55C83184305}.Release|Mixed Platforms.Build.0 = Release|x86
		{49912733-2BB0-4FC9-8256-C55C83184305}.Release|x86.ActiveCfg = Release|x86
		{49912733-2BB0-4FC9-8256-C55C83184305}.Release|x86.Build.0 = Release|x86
		{ED1537AF-782A-4395-8D5D-0CF51646885B}.Debug|Any CPU.ActiveCfg = Debug|x86
		{ED1537AF-782A-4395-8D5D-0CF51646885B}.Debug|Mixed Platforms.ActiveCfg = Debug|x86
		{ED1537AF-782A-4395-8D5D-0CF51646885B}.Debug|Mixed Platforms.Build.0 = Debug|x86
		{ED1537AF-782A-4395-8D5D-0CF51646885B}.Debug|x86.ActiveCfg = Debug|x86
		{ED1537AF-782A-4395-8D5D-0CF51646885B}.Debug|x86.Build.0 = Debug|x86
		{ED1537AF-782A-4395-8D5D-0CF51646885B}.Release|Any CPU.ActiveCfg = Release|x86
		{ED1537AF-782A-4395-8D5D-0CF51646885B}.Release|Mixed Platforms.ActiveCfg = Release|x86
		{ED1537AF-782A-4395-8D5D-0CF51646885B}.Release|Mixed Platforms.Build.0 = Release|x86
		{ED1537AF-782A-4395-8D5D-0CF51646885B}.Release|x86.ActiveCfg = Release|x86
		{ED1537AF-782A-4395-8D5D-0CF51646885B}.Release|x86.Build.0 = Release|x86
		{928C61B2-4A00-4643-B0D0-5D88459E3E48}.Debug|Any CPU.ActiveCfg = Debug|Any CPU
		{928C61B2-4A00-4643-B0D0-5D88459E3E48}.Debug|Any CPU.Build.0 = Debug|Any CPU
		{928C61B2-4A00-4643-B0D0-5D88459E3E48}.Debug|Mixed Platforms.ActiveCfg = Debug|Any CPU
		{928C61B2-4A00-4643-B0D0-5D88459E3E48}.Debug|Mixed Platforms.Build.0 = Debug|Any CPU
		{928C61B2-4A00-4643-B0D0-5D88459E3E48}.Debug|x86.ActiveCfg = Debug|Any CPU
		{928C61B2-4A00-4643-B0D0-5D88459E3E48}.Release|Any CPU.ActiveCfg = Release|Any CPU
		{928C61B2-4A00-4643-B0D0-5D88459E3E48}.Release|Any CPU.Build.0 = Release|Any CPU
		{928C61B2-4A00-4643-B0D0-5D88459E3E48}.Release|Mixed Platforms.ActiveCfg = Release|Any CPU
		{928C61B2-4A00-4643-B0D0-5D88459E3E48}.Release|Mixed Platforms.Build.0 = Release|Any CPU
		{928C61B2-4A00-4643-B0D0-5D88459E3E48}.Release|x86.ActiveCfg = Release|Any CPU
	EndGlobalSection
	GlobalSection(SolutionProperties) = preSolution
		HideSolutionNode = FALSE
	EndGlobalSection
	GlobalSection(NestedProjects) = preSolution
		{086EAE51-FEC3-47E4-9AF0-EAC836441FA5} = {2316EAA7-4305-4760-A6BF-8C7B7E77797E}
		{725FA4B4-0880-4818-98FD-87992594B556} = {2316EAA7-4305-4760-A6BF-8C7B7E77797E}
		{E5C32EDE-F580-49AD-9CF0-F13AD18C1A1B} = {8ACF48D8-9A14-416C-8387-1E369EB78108}
		{754D17E1-C2F1-45E5-953F-3C29817AC106} = {22D7C63B-00D8-438E-B746-FF3916E9920F}
		{9B88FAC1-C969-44D1-AAEC-95A62DBA8D94} = {22D7C63B-00D8-438E-B746-FF3916E9920F}
		{E21E69EE-78A4-4641-A9FE-7C8B86FF2C44} = {22D7C63B-00D8-438E-B746-FF3916E9920F}
		{746B9499-CE88-4C84-90D6-0DEFEAADE0D9} = {22D7C63B-00D8-438E-B746-FF3916E9920F}
		{BC90A1D6-3E04-437B-A302-9A7E34809010} = {22D7C63B-00D8-438E-B746-FF3916E9920F}
		{A301421F-3C26-4F66-972D-4FA566273792} = {BA3BA4F3-C7B6-476C-B4A3-6480188165A5}
		{ABFE9F0A-C7AC-4474-BC98-F546395988E2} = {BA3BA4F3-C7B6-476C-B4A3-6480188165A5}
		{D1B2B2FC-5D31-450F-BAB3-A4B388059D2F} = {BA3BA4F3-C7B6-476C-B4A3-6480188165A5}
		{9CCAA584-383A-47D0-859E-D100E80232B3} = {BA3BA4F3-C7B6-476C-B4A3-6480188165A5}
		{DBA3B1BC-162C-42F1-8966-6750D97DF7FB} = {BA3BA4F3-C7B6-476C-B4A3-6480188165A5}
		{2E3EECA4-F54F-460A-97FF-EEC9CDBB16CF} = {BA3BA4F3-C7B6-476C-B4A3-6480188165A5}
		{8A07C96C-FCB7-4D22-A80D-B73B32465BA0} = {BA3BA4F3-C7B6-476C-B4A3-6480188165A5}
		{F1B5A866-BCE0-43EE-8B20-72E8279BDBC4} = {EAF21A4C-46A9-4B62-AF14-E920F895295B}
		{63D0D7A6-DA88-4E61-A16B-E902F9A84300} = {EAF21A4C-46A9-4B62-AF14-E920F895295B}
		{63792414-DC89-4173-B637-1408EA8044F6} = {EAF21A4C-46A9-4B62-AF14-E920F895295B}
		{C816D090-0C48-406B-AEC4-8C20294A968B} = {EAF21A4C-46A9-4B62-AF14-E920F895295B}
		{645EA62E-A8C2-4BF5-AA4F-3329DEDF673B} = {EAF21A4C-46A9-4B62-AF14-E920F895295B}
		{853E9640-D680-41F0-9045-6B67F08726C0} = {EAF21A4C-46A9-4B62-AF14-E920F895295B}
		{D2823D81-FE81-4960-AA06-430836BC0D29} = {EAF21A4C-46A9-4B62-AF14-E920F895295B}
		{E64ADA2F-102A-4599-9730-CCD7EE2311F5} = {9C0E4254-DA42-4F6B-BE27-4D7440BEA96E}
		{D0922AC3-31CD-4DBC-BC20-AAFDB2ACE3A0} = {A33A36E1-45D7-4B08-8191-441A44A88747}
		{58BF5FC0-F29C-4069-9D02-89972951C146} = {A33A36E1-45D7-4B08-8191-441A44A88747}
		{49912733-2BB0-4FC9-8256-C55C83184305} = {A33A36E1-45D7-4B08-8191-441A44A88747}
		{ED1537AF-782A-4395-8D5D-0CF51646885B} = {A33A36E1-45D7-4B08-8191-441A44A88747}
		{928C61B2-4A00-4643-B0D0-5D88459E3E48} = {A33A36E1-45D7-4B08-8191-441A44A88747}
	EndGlobalSection
EndGlobal
